{
  "name": "politician-photos",
  "version": "1.0.0",
  "lockfileVersion": 2,
  "requires": true,
  "packages": {
    "": {
      "version": "1.0.0",
      "license": "ISC",
      "dependencies": {
        "@moneyforward/stream-util": "^0.1.4",
        "commander": "^7.2.0",
        "jaconv": "^1.0.4",
        "mecab-async": "^0.1.2"
      }
    },
    "node_modules/@moneyforward/stream-util": {
      "version": "0.1.4",
      "resolved": "https://registry.npmjs.org/@moneyforward/stream-util/-/stream-util-0.1.4.tgz",
      "integrity": "sha512-i4N2EV+m6pjL1rfdunVlmAWCipYbBagMwzodJ0lqozxds/LfeQ1kh4d0vw+Dm0joAcS7+KFfnn5Ud4DkH+mHHw=="
    },
    "node_modules/commander": {
      "version": "7.2.0",
      "resolved": "https://registry.npmjs.org/commander/-/commander-7.2.0.tgz",
      "integrity": "sha512-QrWXB+ZQSVPmIWIhtEO9H+gwHaMGYiF5ChvoJ+K9ZGHG/sVsa6yiesAD1GC/x46sET00Xlwo1u49RVVVzvcSkw==",
      "engines": {
        "node": ">= 10"
      }
    },
    "node_modules/jaconv": {
      "version": "1.0.4",
      "resolved": "https://registry.npmjs.org/jaconv/-/jaconv-1.0.4.tgz",
      "integrity": "sha512-7cB2JN+sMAf5zpdeclDh1Rzqi5E/9fX348GsRg83HrusRvBFDqsRKH+czME55glrW3nBcBYrOzl9OCp7r39psg=="
    },
    "node_modules/mecab-async": {
      "version": "0.1.2",
      "resolved": "https://registry.npmjs.org/mecab-async/-/mecab-async-0.1.2.tgz",
      "integrity": "sha512-/hruCkDWB+jM1bYMFM53HLzG6ENKVtC3n45qD1qxQUW99pz3rrsU4HKEqlYPVCr+/wv0ErBR0vNlVwAv92f2Wg==",
      "dependencies": {
        "shell-quote": "*"
      }
    },
    "node_modules/shell-quote": {
      "version": "1.7.3",
      "resolved": "https://registry.npmjs.org/shell-quote/-/shell-quote-1.7.3.tgz",
      "integrity": "sha512-Vpfqwm4EnqGdlsBFNmHhxhElJYrdfcxPThu+ryKS5J8L/fhAwLazFZtq+S+TWZ9ANj2piSQLGj6NQg+lKPmxrw=="
    }
  },
  "dependencies": {
    "@moneyforward/stream-util": {
      "version": "0.1.4",
      "resolved": "https://registry.npmjs.org/@moneyforward/stream-util/-/stream-util-0.1.4.tgz",
      "integrity": "sha512-i4N2EV+m6pjL1rfdunVlmAWCipYbBagMwzodJ0lqozxds/LfeQ1kh4d0vw+Dm0joAcS7+KFfnn5Ud4DkH+mHHw=="
    },
    "commander": {
      "version": "7.2.0",
      "resolved": "https://registry.npmjs.org/commander/-/commander-7.2.0.tgz",
      "integrity": "sha512-QrWXB+ZQSVPmIWIhtEO9H+gwHaMGYiF5ChvoJ+K9ZGHG/sVsa6yiesAD1GC/x46sET00Xlwo1u49RVVVzvcSkw=="
    },
    "jaconv": {
      "version": "1.0.4",
      "resolved": "https://registry.npmjs.org/jaconv/-/jaconv-1.0.4.tgz",
      "integrity": "sha512-7cB2JN+sMAf5zpdeclDh1Rzqi5E/9fX348GsRg83HrusRvBFDqsRKH+czME55glrW3nBcBYrOzl9OCp7r39psg=="
    },
    "mecab-async": {
      "version": "0.1.2",
      "resolved": "https://registry.npmjs.org/mecab-async/-/mecab-async-0.1.2.tgz",
      "integrity": "sha512-/hruCkDWB+jM1bYMFM53HLzG6ENKVtC3n45qD1qxQUW99pz3rrsU4HKEqlYPVCr+/wv0ErBR0vNlVwAv92f2Wg==",
      "requires": {
        "shell-quote": "*"
      }
    },
    "shell-quote": {
      "version": "1.7.3",
      "resolved": "https://registry.npmjs.org/shell-quote/-/shell-quote-1.7.3.tgz",
      "integrity": "sha512-Vpfqwm4EnqGdlsBFNmHhxhElJYrdfcxPThu+ryKS5J8L/fhAwLazFZtq+S+TWZ9ANj2piSQLGj6NQg+lKPmxrw=="
    }
  }
}
